
Microsoft Visual Studio Solution File, Format Version 12.00
# Visual Studio Version 17
VisualStudioVersion = 17.7.34003.232
MinimumVisualStudioVersion = 10.0.40219.1
Project("{FAE04EC0-301F-11D3-BF4B-00C04F79EFBC}") = "BlogAPI", "BlogAPI\BlogAPI.csproj", "{63CFE1BF-883D-467E-A3A4-184406C787A2}"
EndProject
Project("{FAE04EC0-301F-11D3-BF4B-00C04F79EFBC}") = "BlogAppMVC", "BlogAppMVC\BlogAppMVC.csproj", "{4D2442CC-4157-4ABB-9A0E-87DEBF1FB113}"
EndProject
Global
	GlobalSection(SolutionConfigurationPlatforms) = preSolution
		Debug|Any CPU = Debug|Any CPU
		Release|Any CPU = Release|Any CPU
	EndGlobalSection
	GlobalSection(ProjectConfigurationPlatforms) = postSolution
		{63CFE1BF-883D-467E-A3A4-184406C787A2}.Debug|Any CPU.ActiveCfg = Debug|Any CPU
		{63CFE1BF-883D-467E-A3A4-184406C787A2}.Debug|Any CPU.Build.0 = Debug|Any CPU
		{63CFE1BF-883D-467E-A3A4-184406C787A2}.Release|Any CPU.ActiveCfg = Release|Any CPU
		{63CFE1BF-883D-467E-A3A4-184406C787A2}.Release|Any CPU.Build.0 = Release|Any CPU
		{4D2442CC-4157-4ABB-9A0E-87DEBF1FB113}.Debug|Any CPU.ActiveCfg = Debug|Any CPU
		{4D2442CC-4157-4ABB-9A0E-87DEBF1FB113}.Debug|Any CPU.Build.0 = Debug|Any CPU
		{4D2442CC-4157-4ABB-9A0E-87DEBF1FB113}.Release|Any CPU.ActiveCfg = Release|Any CPU
		{4D2442CC-4157-4ABB-9A0E-87DEBF1FB113}.Release|Any CPU.Build.0 = Release|Any CPU
	EndGlobalSection
	GlobalSection(SolutionProperties) = preSolution
		HideSolutionNode = FALSE
	EndGlobalSection
	GlobalSection(ExtensibilityGlobals) = postSolution
		SolutionGuid = {88AB1F30-DC60-4D6D-88FA-7FC317CA0BFF}
	EndGlobalSection
EndGlobal
